
Microsoft Visual Studio Solution File, Format Version 12.00
# Visual Studio Express 2012 for Web
Project("{FAE04EC0-301F-11D3-BF4B-00C04F79EFBC}") = "PaypalMVC4", "PaypalMVC4\PaypalMVC4.csproj", "{EEBE435D-642C-4108-8570-1EF7F3536F77}"
EndProject
Project("{FAE04EC0-301F-11D3-BF4B-00C04F79EFBC}") = "PaypalMVC4.Tests", "PaypalMVC4.Tests\PaypalMVC4.Tests.csproj", "{1C54B823-7F04-4057-9E17-AFA5CE64090E}"
EndProject
Global
	GlobalSection(SolutionConfigurationPlatforms) = preSolution
		Debug|Any CPU = Debug|Any CPU
		Release|Any CPU = Release|Any CPU
	EndGlobalSection
	GlobalSection(ProjectConfigurationPlatforms) = postSolution
		{EEBE435D-642C-4108-8570-1EF7F3536F77}.Debug|Any CPU.ActiveCfg = Debug|Any CPU
		{EEBE435D-642C-4108-8570-1EF7F3536F77}.Debug|Any CPU.Build.0 = Debug|Any CPU
		{EEBE435D-642C-4108-8570-1EF7F3536F77}.Release|Any CPU.ActiveCfg = Release|Any CPU
		{EEBE435D-642C-4108-8570-1EF7F3536F77}.Release|Any CPU.Build.0 = Release|Any CPU
		{1C54B823-7F04-4057-9E17-AFA5CE64090E}.Debug|Any CPU.ActiveCfg = Debug|Any CPU
		{1C54B823-7F04-4057-9E17-AFA5CE64090E}.Debug|Any CPU.Build.0 = Debug|Any CPU
		{1C54B823-7F04-4057-9E17-AFA5CE64090E}.Release|Any CPU.ActiveCfg = Release|Any CPU
		{1C54B823-7F04-4057-9E17-AFA5CE64090E}.Release|Any CPU.Build.0 = Release|Any CPU
	EndGlobalSection
	GlobalSection(SolutionProperties) = preSolution
		HideSolutionNode = FALSE
	EndGlobalSection
EndGlobal
